
Microsoft Visual Studio Solution File, Format Version 12.00
# Visual Studio Version 17
VisualStudioVersion = 17.11.35222.181
MinimumVisualStudioVersion = 10.0.40219.1
Project("{FAE04EC0-301F-11D3-BF4B-00C04F79EFBC}") = "kursach", "kursach\kursach.csproj", "{277D38EB-95B0-4BFE-A9B6-ED5F484DB026}"
EndProject
Global
	GlobalSection(SolutionConfigurationPlatforms) = preSolution
		Debug|Any CPU = Debug|Any CPU
		Release|Any CPU = Release|Any CPU
	EndGlobalSection
	GlobalSection(ProjectConfigurationPlatforms) = postSolution
		{277D38EB-95B0-4BFE-A9B6-ED5F484DB026}.Debug|Any CPU.ActiveCfg = Debug|Any CPU
		{277D38EB-95B0-4BFE-A9B6-ED5F484DB026}.Debug|Any CPU.Build.0 = Debug|Any CPU
		{277D38EB-95B0-4BFE-A9B6-ED5F484DB026}.Release|Any CPU.ActiveCfg = Release|Any CPU
		{277D38EB-95B0-4BFE-A9B6-ED5F484DB026}.Release|Any CPU.Build.0 = Release|Any CPU
	EndGlobalSection
	GlobalSection(SolutionProperties) = preSolution
		HideSolutionNode = FALSE
	EndGlobalSection
	GlobalSection(ExtensibilityGlobals) = postSolution
		SolutionGuid = {A28823E7-A779-4F23-9622-2BF5F4B50214}
	EndGlobalSection
EndGlobal
